// !$*UTF8*$!
{
	archiveVersion = 1;
	classes = {
	};
	objectVersion = 48;
	objects = {

/* Begin PBXBuildFile section */
		B3C46F6B2059ADED00BAF9A8 /* AppDelegate.swift in Sources */ = {isa = PBXBuildFile; fileRef = B3C46F6A2059ADED00BAF9A8 /* AppDelegate.swift */; };
		B3C46F6D2059ADED00BAF9A8 /* ViewController.swift in Sources */ = {isa = PBXBuildFile; fileRef = B3C46F6C2059ADED00BAF9A8 /* ViewController.swift */; };
		B3C46F702059ADED00BAF9A8 /* Main.storyboard in Resources */ = {isa = PBXBuildFile; fileRef = B3C46F6E2059ADED00BAF9A8 /* Main.storyboard */; };
		B3C46F722059ADED00BAF9A8 /* Assets.xcassets in Resources */ = {isa = PBXBuildFile; fileRef = B3C46F712059ADED00BAF9A8 /* Assets.xcassets */; };
		B3C46F752059ADED00BAF9A8 /* LaunchScreen.storyboard in Resources */ = {isa = PBXBuildFile; fileRef = B3C46F732059ADED00BAF9A8 /* LaunchScreen.storyboard */; };
		B3C46F802059ADED00BAF9A8 /* FeatureTogglingTests.swift in Sources */ = {isa = PBXBuildFile; fileRef = B3C46F7F2059ADED00BAF9A8 /* FeatureTogglingTests.swift */; };
		B3C46F8E2059AFF400BAF9A8 /* FeatureService.swift in Sources */ = {isa = PBXBuildFile; fileRef = B3C46F8D2059AFF400BAF9A8 /* FeatureService.swift */; };
		B3C46F912059B08100BAF9A8 /* FeatureStorage.swift in Sources */ = {isa = PBXBuildFile; fileRef = B3C46F902059B08100BAF9A8 /* FeatureStorage.swift */; };
		B3C46F932059B0D600BAF9A8 /* Features.swift in Sources */ = {isa = PBXBuildFile; fileRef = B3C46F922059B0D600BAF9A8 /* Features.swift */; };
		B3C46F952059B48A00BAF9A8 /* FeatureCache.swift in Sources */ = {isa = PBXBuildFile; fileRef = B3C46F942059B48A00BAF9A8 /* FeatureCache.swift */; };
		B3C46F972059B4D900BAF9A8 /* FeatureProvider.swift in Sources */ = {isa = PBXBuildFile; fileRef = B3C46F962059B4D900BAF9A8 /* FeatureProvider.swift */; };
		B3C46F992059BBC300BAF9A8 /* EnumExtension.swift in Sources */ = {isa = PBXBuildFile; fileRef = B3C46F982059BBC300BAF9A8 /* EnumExtension.swift */; };
/* End PBXBuildFile section */

/* Begin PBXContainerItemProxy section */
		B3C46F7C2059ADED00BAF9A8 /* PBXContainerItemProxy */ = {
			isa = PBXContainerItemProxy;
			containerPortal = B3C46F5F2059ADED00BAF9A8 /* Project object */;
			proxyType = 1;
			remoteGlobalIDString = B3C46F662059ADED00BAF9A8;
			remoteInfo = FeatureToggling;
		};
/* End PBXContainerItemProxy section */

/* Begin PBXFileReference section */
		B3C46F672059ADED00BAF9A8 /* FeatureToggling.app */ = {isa = PBXFileReference; explicitFileType = wrapper.application; includeInIndex = 0; path = FeatureToggling.app; sourceTree = BUILT_PRODUCTS_DIR; };
		B3C46F6A2059ADED00BAF9A8 /* AppDelegate.swift */ = {isa = PBXFileReference; lastKnownFileType = sourcecode.swift; path = AppDelegate.swift; sourceTree = "<group>"; };
		B3C46F6C2059ADED00BAF9A8 /* ViewController.swift */ = {isa = PBXFileReference; lastKnownFileType = sourcecode.swift; path = ViewController.swift; sourceTree = "<group>"; };
		B3C46F6F2059ADED00BAF9A8 /* Base */ = {isa = PBXFileReference; lastKnownFileType = file.storyboard; name = Base; path = Base.lproj/Main.storyboard; sourceTree = "<group>"; };
		B3C46F712059ADED00BAF9A8 /* Assets.xcassets */ = {isa = PBXFileReference; lastKnownFileType = folder.assetcatalog; path = Assets.xcassets; sourceTree = "<group>"; };
		B3C46F742059ADED00BAF9A8 /* Base */ = {isa = PBXFileReference; lastKnownFileType = file.storyboard; name = Base; path = Base.lproj/LaunchScreen.storyboard; sourceTree = "<group>"; };
		B3C46F762059ADED00BAF9A8 /* Info.plist */ = {isa = PBXFileReference; lastKnownFileType = text.plist.xml; path = Info.plist; sourceTree = "<group>"; };
		B3C46F7B2059ADED00BAF9A8 /* FeatureTogglingTests.xctest */ = {isa = PBXFileReference; explicitFileType = wrapper.cfbundle; includeInIndex = 0; path = FeatureTogglingTests.xctest; sourceTree = BUILT_PRODUCTS_DIR; };
		B3C46F7F2059ADED00BAF9A8 /* FeatureTogglingTests.swift */ = {isa = PBXFileReference; lastKnownFileType = sourcecode.swift; path = FeatureTogglingTests.swift; sourceTree = "<group>"; };
		B3C46F812059ADED00BAF9A8 /* Info.plist */ = {isa = PBXFileReference; lastKnownFileType = text.plist.xml; path = Info.plist; sourceTree = "<group>"; };
		B3C46F8D2059AFF400BAF9A8 /* FeatureService.swift */ = {isa = PBXFileReference; lastKnownFileType = sourcecode.swift; path = FeatureService.swift; sourceTree = "<group>"; };
		B3C46F902059B08100BAF9A8 /* FeatureStorage.swift */ = {isa = PBXFileReference; lastKnownFileType = sourcecode.swift; path = FeatureStorage.swift; sourceTree = "<group>"; };
		B3C46F922059B0D600BAF9A8 /* Features.swift */ = {isa = PBXFileReference; lastKnownFileType = sourcecode.swift; path = Features.swift; sourceTree = "<group>"; };
		B3C46F942059B48A00BAF9A8 /* FeatureCache.swift */ = {isa = PBXFileReference; lastKnownFileType = sourcecode.swift; path = FeatureCache.swift; sourceTree = "<group>"; };
		B3C46F962059B4D900BAF9A8 /* FeatureProvider.swift */ = {isa = PBXFileReference; lastKnownFileType = sourcecode.swift; path = FeatureProvider.swift; sourceTree = "<group>"; };
		B3C46F982059BBC300BAF9A8 /* EnumExtension.swift */ = {isa = PBXFileReference; lastKnownFileType = sourcecode.swift; path = EnumExtension.swift; sourceTree = "<group>"; };
/* End PBXFileReference section */

/* Begin PBXFrameworksBuildPhase section */
		B3C46F642059ADED00BAF9A8 /* Frameworks */ = {
			isa = PBXFrameworksBuildPhase;
			buildActionMask = 2147483647;
			files = (
			);
			runOnlyForDeploymentPostprocessing = 0;
		};
		B3C46F782059ADED00BAF9A8 /* Frameworks */ = {
			isa = PBXFrameworksBuildPhase;
			buildActionMask = 2147483647;
			files = (
			);
			runOnlyForDeploymentPostprocessing = 0;
		};
/* End PBXFrameworksBuildPhase section */

/* Begin PBXGroup section */
		B3C46F5E2059ADED00BAF9A8 = {
			isa = PBXGroup;
			children = (
				B3C46F692059ADED00BAF9A8 /* FeatureToggling */,
				B3C46F7E2059ADED00BAF9A8 /* FeatureTogglingTests */,
				B3C46F682059ADED00BAF9A8 /* Products */,
			);
			sourceTree = "<group>";
		};
		B3C46F682059ADED00BAF9A8 /* Products */ = {
			isa = PBXGroup;
			children = (
				B3C46F672059ADED00BAF9A8 /* FeatureToggling.app */,
				B3C46F7B2059ADED00BAF9A8 /* FeatureTogglingTests.xctest */,
			);
			name = Products;
			sourceTree = "<group>";
		};
		B3C46F692059ADED00BAF9A8 /* FeatureToggling */ = {
			isa = PBXGroup;
			children = (
				B3C46F8B2059AFBD00BAF9A8 /* Sources */,
				B3C46F8A2059AFB000BAF9A8 /* Resources */,
			);
			path = FeatureToggling;
			sourceTree = "<group>";
		};
		B3C46F7E2059ADED00BAF9A8 /* FeatureTogglingTests */ = {
			isa = PBXGroup;
			children = (
				B3C46F7F2059ADED00BAF9A8 /* FeatureTogglingTests.swift */,
				B3C46F812059ADED00BAF9A8 /* Info.plist */,
			);
			path = FeatureTogglingTests;
			sourceTree = "<group>";
		};
		B3C46F8A2059AFB000BAF9A8 /* Resources */ = {
			isa = PBXGroup;
			children = (
				B3C46F6E2059ADED00BAF9A8 /* Main.storyboard */,
				B3C46F712059ADED00BAF9A8 /* Assets.xcassets */,
				B3C46F732059ADED00BAF9A8 /* LaunchScreen.storyboard */,
				B3C46F762059ADED00BAF9A8 /* Info.plist */,
			);
			path = Resources;
			sourceTree = "<group>";
		};
		B3C46F8B2059AFBD00BAF9A8 /* Sources */ = {
			isa = PBXGroup;
			children = (
				B3C46F6A2059ADED00BAF9A8 /* AppDelegate.swift */,
				B3C46F9A2059BBE100BAF9A8 /* Extensions */,
				B3C46F8C2059AFD700BAF9A8 /* Controllers */,
				B3C46F8F2059B00900BAF9A8 /* Feature Toggling */,
			);
			path = Sources;
			sourceTree = "<group>";
		};
		B3C46F8C2059AFD700BAF9A8 /* Controllers */ = {
			isa = PBXGroup;
			children = (
				B3C46F6C2059ADED00BAF9A8 /* ViewController.swift */,
			);
			path = Controllers;
			sourceTree = "<group>";
		};
		B3C46F8F2059B00900BAF9A8 /* Feature Toggling */ = {
			isa = PBXGroup;
			children = (
				B3C46F922059B0D600BAF9A8 /* Features.swift */,
				B3C46F8D2059AFF400BAF9A8 /* FeatureService.swift */,
				B3C46F962059B4D900BAF9A8 /* FeatureProvider.swift */,
				B3C46F902059B08100BAF9A8 /* FeatureStorage.swift */,
				B3C46F942059B48A00BAF9A8 /* FeatureCache.swift */,
			);
			path = "Feature Toggling";
			sourceTree = "<group>";
		};
		B3C46F9A2059BBE100BAF9A8 /* Extensions */ = {
			isa = PBXGroup;
			children = (
				B3C46F982059BBC300BAF9A8 /* EnumExtension.swift */,
			);
			path = Extensions;
			sourceTree = "<group>";
		};
/* End PBXGroup section */

/* Begin PBXNativeTarget section */
		B3C46F662059ADED00BAF9A8 /* FeatureToggling */ = {
			isa = PBXNativeTarget;
			buildConfigurationList = B3C46F842059ADED00BAF9A8 /* Build configuration list for PBXNativeTarget "FeatureToggling" */;
			buildPhases = (
				B3C46F632059ADED00BAF9A8 /* Sources */,
				B3C46F642059ADED00BAF9A8 /* Frameworks */,
				B3C46F652059ADED00BAF9A8 /* Resources */,
			);
			buildRules = (
			);
			dependencies = (
			);
			name = FeatureToggling;
			productName = FeatureToggling;
			productReference = B3C46F672059ADED00BAF9A8 /* FeatureToggling.app */;
			productType = "com.apple.product-type.application";
		};
		B3C46F7A2059ADED00BAF9A8 /* FeatureTogglingTests */ = {
			isa = PBXNativeTarget;
			buildConfigurationList = B3C46F872059ADED00BAF9A8 /* Build configuration list for PBXNativeTarget "FeatureTogglingTests" */;
			buildPhases = (
				B3C46F772059ADED00BAF9A8 /* Sources */,
				B3C46F782059ADED00BAF9A8 /* Frameworks */,
				B3C46F792059ADED00BAF9A8 /* Resources */,
			);
			buildRules = (
			);
			dependencies = (
				B3C46F7D2059ADED00BAF9A8 /* PBXTargetDependency */,
			);
			name = FeatureTogglingTests;
			productName = FeatureTogglingTests;
			productReference = B3C46F7B2059ADED00BAF9A8 /* FeatureTogglingTests.xctest */;
			productType = "com.apple.product-type.bundle.unit-test";
		};
/* End PBXNativeTarget section */

/* Begin PBXProject section */
		B3C46F5F2059ADED00BAF9A8 /* Project object */ = {
			isa = PBXProject;
			attributes = {
				LastSwiftUpdateCheck = 0920;
				LastUpgradeCheck = 0920;
				ORGANIZATIONNAME = "Ilya Tsarev";
				TargetAttributes = {
					B3C46F662059ADED00BAF9A8 = {
						CreatedOnToolsVersion = 9.2;
						ProvisioningStyle = Automatic;
					};
					B3C46F7A2059ADED00BAF9A8 = {
						CreatedOnToolsVersion = 9.2;
						ProvisioningStyle = Automatic;
						TestTargetID = B3C46F662059ADED00BAF9A8;
					};
				};
			};
			buildConfigurationList = B3C46F622059ADED00BAF9A8 /* Build configuration list for PBXProject "FeatureToggling" */;
			compatibilityVersion = "Xcode 8.0";
			developmentRegion = en;
			hasScannedForEncodings = 0;
			knownRegions = (
				en,
				Base,
			);
			mainGroup = B3C46F5E2059ADED00BAF9A8;
			productRefGroup = B3C46F682059ADED00BAF9A8 /* Products */;
			projectDirPath = "";
			projectRoot = "";
			targets = (
				B3C46F662059ADED00BAF9A8 /* FeatureToggling */,
				B3C46F7A2059ADED00BAF9A8 /* FeatureTogglingTests */,
			);
		};
/* End PBXProject section */

/* Begin PBXResourcesBuildPhase section */
		B3C46F652059ADED00BAF9A8 /* Resources */ = {
			isa = PBXResourcesBuildPhase;
			buildActionMask = 2147483647;
			files = (
				B3C46F752059ADED00BAF9A8 /* LaunchScreen.storyboard in Resources */,
				B3C46F722059ADED00BAF9A8 /* Assets.xcassets in Resources */,
				B3C46F702059ADED00BAF9A8 /* Main.storyboard in Resources */,
			);
			runOnlyForDeploymentPostprocessing = 0;
		};
		B3C46F792059ADED00BAF9A8 /* Resources */ = {
			isa = PBXResourcesBuildPhase;
			buildActionMask = 2147483647;
			files = (
			);
			runOnlyForDeploymentPostprocessing = 0;
		};
/* End PBXResourcesBuildPhase section */

/* Begin PBXSourcesBuildPhase section */
		B3C46F632059ADED00BAF9A8 /* Sources */ = {
			isa = PBXSourcesBuildPhase;
			buildActionMask = 2147483647;
			files = (
				B3C46F992059BBC300BAF9A8 /* EnumExtension.swift in Sources */,
				B3C46F912059B08100BAF9A8 /* FeatureStorage.swift in Sources */,
				B3C46F952059B48A00BAF9A8 /* FeatureCache.swift in Sources */,
				B3C46F972059B4D900BAF9A8 /* FeatureProvider.swift in Sources */,
				B3C46F8E2059AFF400BAF9A8 /* FeatureService.swift in Sources */,
				B3C46F6D2059ADED00BAF9A8 /* ViewController.swift in Sources */,
				B3C46F6B2059ADED00BAF9A8 /* AppDelegate.swift in Sources */,
				B3C46F932059B0D600BAF9A8 /* Features.swift in Sources */,
			);
			runOnlyForDeploymentPostprocessing = 0;
		};
		B3C46F772059ADED00BAF9A8 /* Sources */ = {
			isa = PBXSourcesBuildPhase;
			buildActionMask = 2147483647;
			files = (
				B3C46F802059ADED00BAF9A8 /* FeatureTogglingTests.swift in Sources */,
			);
			runOnlyForDeploymentPostprocessing = 0;
		};
/* End PBXSourcesBuildPhase section */

/* Begin PBXTargetDependency section */
		B3C46F7D2059ADED00BAF9A8 /* PBXTargetDependency */ = {
			isa = PBXTargetDependency;
			target = B3C46F662059ADED00BAF9A8 /* FeatureToggling */;
			targetProxy = B3C46F7C2059ADED00BAF9A8 /* PBXContainerItemProxy */;
		};
/* End PBXTargetDependency section */

/* Begin PBXVariantGroup section */
		B3C46F6E2059ADED00BAF9A8 /* Main.storyboard */ = {
			isa = PBXVariantGroup;
			children = (
				B3C46F6F2059ADED00BAF9A8 /* Base */,
			);
			name = Main.storyboard;
			sourceTree = "<group>";
		};
		B3C46F732059ADED00BAF9A8 /* LaunchScreen.storyboard */ = {
			isa = PBXVariantGroup;
			children = (
				B3C46F742059ADED00BAF9A8 /* Base */,
			);
			name = LaunchScreen.storyboard;
			sourceTree = "<group>";
		};
/* End PBXVariantGroup section */

/* Begin XCBuildConfiguration section */
		B3C46F822059ADED00BAF9A8 /* Debug */ = {
			isa = XCBuildConfiguration;
			buildSettings = {
				ALWAYS_SEARCH_USER_PATHS = NO;
				CLANG_ANALYZER_NONNULL = YES;
				CLANG_ANALYZER_NUMBER_OBJECT_CONVERSION = YES_AGGRESSIVE;
				CLANG_CXX_LANGUAGE_STANDARD = "gnu++14";
				CLANG_CXX_LIBRARY = "libc++";
				CLANG_ENABLE_MODULES = YES;
				CLANG_ENABLE_OBJC_ARC = YES;
				CLANG_WARN_BLOCK_CAPTURE_AUTORELEASING = YES;
				CLANG_WARN_BOOL_CONVERSION = YES;
				CLANG_WARN_COMMA = YES;
				CLANG_WARN_CONSTANT_CONVERSION = YES;
				CLANG_WARN_DIRECT_OBJC_ISA_USAGE = YES_ERROR;
				CLANG_WARN_DOCUMENTATION_COMMENTS = YES;
				CLANG_WARN_EMPTY_BODY = YES;
				CLANG_WARN_ENUM_CONVERSION = YES;
				CLANG_WARN_INFINITE_RECURSION = YES;
				CLANG_WARN_INT_CONVERSION = YES;
				CLANG_WARN_NON_LITERAL_NULL_CONVERSION = YES;
				CLANG_WARN_OBJC_LITERAL_CONVERSION = YES;
				CLANG_WARN_OBJC_ROOT_CLASS = YES_ERROR;
				CLANG_WARN_RANGE_LOOP_ANALYSIS = YES;
				CLANG_WARN_STRICT_PROTOTYPES = YES;
				CLANG_WARN_SUSPICIOUS_MOVE = YES;
				CLANG_WARN_UNGUARDED_AVAILABILITY = YES_AGGRESSIVE;
				CLANG_WARN_UNREACHABLE_CODE = YES;
				CLANG_WARN__DUPLICATE_METHOD_MATCH = YES;
				CODE_SIGN_IDENTITY = "iPhone Developer";
				COPY_PHASE_STRIP = NO;
				DEBUG_INFORMATION_FORMAT = dwarf;
				ENABLE_STRICT_OBJC_MSGSEND = YES;
				ENABLE_TESTABILITY = YES;
				GCC_C_LANGUAGE_STANDARD = gnu11;
				GCC_DYNAMIC_NO_PIC = NO;
				GCC_NO_COMMON_BLOCKS = YES;
				GCC_OPTIMIZATION_LEVEL = 0;
				GCC_PREPROCESSOR_DEFINITIONS = (
					"DEBUG=1",
					"$(inherited)",
				);
				GCC_WARN_64_TO_32_BIT_CONVERSION = YES;
				GCC_WARN_ABOUT_RETURN_TYPE = YES_ERROR;
				GCC_WARN_UNDECLARED_SELECTOR = YES;
				GCC_WARN_UNINITIALIZED_AUTOS = YES_AGGRESSIVE;
				GCC_WARN_UNUSED_FUNCTION = YES;
				GCC_WARN_UNUSED_VARIABLE = YES;
				IPHONEOS_DEPLOYMENT_TARGET = 11.2;
				MTL_ENABLE_DEBUG_INFO = YES;
				ONLY_ACTIVE_ARCH = YES;
				SDKROOT = iphoneos;
				SWIFT_ACTIVE_COMPILATION_CONDITIONS = DEBUG;
				SWIFT_OPTIMIZATION_LEVEL = "-Onone";
			};
			name = Debug;
		};
		B3C46F832059ADED00BAF9A8 /* Release */ = {
			isa = XCBuildConfiguration;
			buildSettings = {
				ALWAYS_SEARCH_USER_PATHS = NO;
				CLANG_ANALYZER_NONNULL = YES;
				CLANG_ANALYZER_NUMBER_OBJECT_CONVERSION = YES_AGGRESSIVE;
				CLANG_CXX_LANGUAGE_STANDARD = "gnu++14";
				CLANG_CXX_LIBRARY = "libc++";
				CLANG_ENABLE_MODULES = YES;
				CLANG_ENABLE_OBJC_ARC = YES;
				CLANG_WARN_BLOCK_CAPTURE_AUTORELEASING = YES;
				CLANG_WARN_BOOL_CONVERSION = YES;
				CLANG_WARN_COMMA = YES;
				CLANG_WARN_CONSTANT_CONVERSION = YES;
				CLANG_WARN_DIRECT_OBJC_ISA_USAGE = YES_ERROR;
				CLANG_WARN_DOCUMENTATION_COMMENTS = YES;
				CLANG_WARN_EMPTY_BODY = YES;
				CLANG_WARN_ENUM_CONVERSION = YES;
				CLANG_WARN_INFINITE_RECURSION = YES;
				CLANG_WARN_INT_CONVERSION = YES;
				CLANG_WARN_NON_LITERAL_NULL_CONVERSION = YES;
				CLANG_WARN_OBJC_LITERAL_CONVERSION = YES;
				CLANG_WARN_OBJC_ROOT_CLASS = YES_ERROR;
				CLANG_WARN_RANGE_LOOP_ANALYSIS = YES;
				CLANG_WARN_STRICT_PROTOTYPES = YES;
				CLANG_WARN_SUSPICIOUS_MOVE = YES;
				CLANG_WARN_UNGUARDED_AVAILABILITY = YES_AGGRESSIVE;
				CLANG_WARN_UNREACHABLE_CODE = YES;
				CLANG_WARN__DUPLICATE_METHOD_MATCH = YES;
				CODE_SIGN_IDENTITY = "iPhone Developer";
				COPY_PHASE_STRIP = NO;
				DEBUG_INFORMATION_FORMAT = "dwarf-with-dsym";
				ENABLE_NS_ASSERTIONS = NO;
				ENABLE_STRICT_OBJC_MSGSEND = YES;
				GCC_C_LANGUAGE_STANDARD = gnu11;
				GCC_NO_COMMON_BLOCKS = YES;
				GCC_WARN_64_TO_32_BIT_CONVERSION = YES;
				GCC_WARN_ABOUT_RETURN_TYPE = YES_ERROR;
				GCC_WARN_UNDECLARED_SELECTOR = YES;
				GCC_WARN_UNINITIALIZED_AUTOS = YES_AGGRESSIVE;
				GCC_WARN_UNUSED_FUNCTION = YES;
				GCC_WARN_UNUSED_VARIABLE = YES;
				IPHONEOS_DEPLOYMENT_TARGET = 11.2;
				MTL_ENABLE_DEBUG_INFO = NO;
				SDKROOT = iphoneos;
				SWIFT_OPTIMIZATION_LEVEL = "-Owholemodule";
				VALIDATE_PRODUCT = YES;
			};
			name = Release;
		};
		B3C46F852059ADED00BAF9A8 /* Debug */ = {
			isa = XCBuildConfiguration;
			buildSettings = {
				ASSETCATALOG_COMPILER_APPICON_NAME = AppIcon;
				CODE_SIGN_STYLE = Automatic;
				DEVELOPMENT_TEAM = 43B96EVZGP;
				INFOPLIST_FILE = "$(SRCROOT)/FeatureToggling/Resources/Info.plist";
				LD_RUNPATH_SEARCH_PATHS = "$(inherited) @executable_path/Frameworks";
				PRODUCT_BUNDLE_IDENTIFIER = "Ilya-Tsarev.FeatureToggling";
				PRODUCT_NAME = "$(TARGET_NAME)";
				SWIFT_VERSION = 4.0;
				TARGETED_DEVICE_FAMILY = 1;
			};
			name = Debug;
		};
		B3C46F862059ADED00BAF9A8 /* Release */ = {
			isa = XCBuildConfiguration;
			buildSettings = {
				ASSETCATALOG_COMPILER_APPICON_NAME = AppIcon;
				CODE_SIGN_STYLE = Automatic;
				DEVELOPMENT_TEAM = 43B96EVZGP;
				INFOPLIST_FILE = "$(SRCROOT)/FeatureToggling/Resources/Info.plist";
				LD_RUNPATH_SEARCH_PATHS = "$(inherited) @executable_path/Frameworks";
				PRODUCT_BUNDLE_IDENTIFIER = "Ilya-Tsarev.FeatureToggling";
				PRODUCT_NAME = "$(TARGET_NAME)";
				SWIFT_VERSION = 4.0;
				TARGETED_DEVICE_FAMILY = 1;
			};
			name = Release;
		};
		B3C46F882059ADED00BAF9A8 /* Debug */ = {
			isa = XCBuildConfiguration;
			buildSettings = {
				ALWAYS_EMBED_SWIFT_STANDARD_LIBRARIES = YES;
				BUNDLE_LOADER = "$(TEST_HOST)";
				CODE_SIGN_STYLE = Automatic;
				DEVELOPMENT_TEAM = 43B96EVZGP;
				INFOPLIST_FILE = FeatureTogglingTests/Info.plist;
				LD_RUNPATH_SEARCH_PATHS = "$(inherited) @executable_path/Frameworks @loader_path/Frameworks";
				PRODUCT_BUNDLE_IDENTIFIER = "Ilya-Tsarev.FeatureTogglingTests";
				PRODUCT_NAME = "$(TARGET_NAME)";
				SWIFT_VERSION = 4.0;
				TARGETED_DEVICE_FAMILY = "1,2";
				TEST_HOST = "$(BUILT_PRODUCTS_DIR)/FeatureToggling.app/FeatureToggling";
			};
			name = Debug;
		};
		B3C46F892059ADED00BAF9A8 /* Release */ = {
			isa = XCBuildConfiguration;
			buildSettings = {
				ALWAYS_EMBED_SWIFT_STANDARD_LIBRARIES = YES;
				BUNDLE_LOADER = "$(TEST_HOST)";
				CODE_SIGN_STYLE = Automatic;
				DEVELOPMENT_TEAM = 43B96EVZGP;
				INFOPLIST_FILE = FeatureTogglingTests/Info.plist;
				LD_RUNPATH_SEARCH_PATHS = "$(inherited) @executable_path/Frameworks @loader_path/Frameworks";
				PRODUCT_BUNDLE_IDENTIFIER = "Ilya-Tsarev.FeatureTogglingTests";
				PRODUCT_NAME = "$(TARGET_NAME)";
				SWIFT_VERSION = 4.0;
				TARGETED_DEVICE_FAMILY = "1,2";
				TEST_HOST = "$(BUILT_PRODUCTS_DIR)/FeatureToggling.app/FeatureToggling";
			};
			name = Release;
		};
/* End XCBuildConfiguration section */

/* Begin XCConfigurationList section */
		B3C46F622059ADED00BAF9A8 /* Build configuration list for PBXProject "FeatureToggling" */ = {
			isa = XCConfigurationList;
			buildConfigurations = (
				B3C46F822059ADED00BAF9A8 /* Debug */,
				B3C46F832059ADED00BAF9A8 /* Release */,
			);
			defaultConfigurationIsVisible = 0;
			defaultConfigurationName = Release;
		};
		B3C46F842059ADED00BAF9A8 /* Build configuration list for PBXNativeTarget "FeatureToggling" */ = {
			isa = XCConfigurationList;
			buildConfigurations = (
				B3C46F852059ADED00BAF9A8 /* Debug */,
				B3C46F862059ADED00BAF9A8 /* Release */,
			);
			defaultConfigurationIsVisible = 0;
			defaultConfigurationName = Release;
		};
		B3C46F872059ADED00BAF9A8 /* Build configuration list for PBXNativeTarget "FeatureTogglingTests" */ = {
			isa = XCConfigurationList;
			buildConfigurations = (
				B3C46F882059ADED00BAF9A8 /* Debug */,
				B3C46F892059ADED00BAF9A8 /* Release */,
			);
			defaultConfigurationIsVisible = 0;
			defaultConfigurationName = Release;
		};
/* End XCConfigurationList section */
	};
	rootObject = B3C46F5F2059ADED00BAF9A8 /* Project object */;
}
